
Microsoft Visual Studio Solution File, Format Version 12.00
# Visual Studio Version 16
VisualStudioVersion = 16.0.30611.23
MinimumVisualStudioVersion = 10.0.40219.1
Project("{FAE04EC0-301F-11D3-BF4B-00C04F79EFBC}") = "TestSasha", "TestSasha.csproj", "{19E33D42-2401-4B4D-872D-9F3F2B5962C3}"
EndProject
Global
	GlobalSection(SolutionConfigurationPlatforms) = preSolution
		Debug|Any CPU = Debug|Any CPU
		Release|Any CPU = Release|Any CPU
	EndGlobalSection
	GlobalSection(ProjectConfigurationPlatforms) = postSolution
		{19E33D42-2401-4B4D-872D-9F3F2B5962C3}.Debug|Any CPU.ActiveCfg = Debug|Any CPU
		{19E33D42-2401-4B4D-872D-9F3F2B5962C3}.Debug|Any CPU.Build.0 = Debug|Any CPU
		{19E33D42-2401-4B4D-872D-9F3F2B5962C3}.Release|Any CPU.ActiveCfg = Release|Any CPU
		{19E33D42-2401-4B4D-872D-9F3F2B5962C3}.Release|Any CPU.Build.0 = Release|Any CPU
	EndGlobalSection
	GlobalSection(SolutionProperties) = preSolution
		HideSolutionNode = FALSE
	EndGlobalSection
	GlobalSection(ExtensibilityGlobals) = postSolution
		SolutionGuid = {966ACDE4-71DE-4D24-8759-6BA507671030}
	EndGlobalSection
EndGlobal
